
Microsoft Visual Studio Solution File, Format Version 12.00
# Visual Studio Version 16
VisualStudioVersion = 16.0.28803.352
MinimumVisualStudioVersion = 10.0.40219.1
Project("{9A19103F-16F7-4668-BE54-9A1E7A4F7556}") = "SportsStore10", "SportsStore10\SportsStore10.csproj", "{FFC70048-6802-45F7-8ACF-DA91A90BBC19}"
EndProject
Global
	GlobalSection(SolutionConfigurationPlatforms) = preSolution
		Debug|Any CPU = Debug|Any CPU
		Release|Any CPU = Release|Any CPU
	EndGlobalSection
	GlobalSection(ProjectConfigurationPlatforms) = postSolution
		{FFC70048-6802-45F7-8ACF-DA91A90BBC19}.Debug|Any CPU.ActiveCfg = Debug|Any CPU
		{FFC70048-6802-45F7-8ACF-DA91A90BBC19}.Debug|Any CPU.Build.0 = Debug|Any CPU
		{FFC70048-6802-45F7-8ACF-DA91A90BBC19}.Release|Any CPU.ActiveCfg = Release|Any CPU
		{FFC70048-6802-45F7-8ACF-DA91A90BBC19}.Release|Any CPU.Build.0 = Release|Any CPU
	EndGlobalSection
	GlobalSection(SolutionProperties) = preSolution
		HideSolutionNode = FALSE
	EndGlobalSection
	GlobalSection(ExtensibilityGlobals) = postSolution
		SolutionGuid = {283F24C0-1F3B-4693-9C4C-D89284CBE828}
	EndGlobalSection
EndGlobal
